<?xml version="1.0" encoding="utf-8"?>
<Project ToolsVersion="4.0" xmlns="http://schemas.microsoft.com/developer/msbuild/2003">
  <ItemGroup>
    <Filter Include="Source Files">
      <UniqueIdentifier>{4FC737F1-C7A5-4376-A066-2A32D752A2FF}</UniqueIdentifier>
      <Extensions>cpp;c;cc;cxx;c++;cppm;ixx;def;odl;idl;hpj;bat;asm;asmx</Extensions>
    </Filter>
    <Filter Include="Header Files">
      <UniqueIdentifier>{93995380-89BD-4b04-88EB-625FBE52EBFB}</UniqueIdentifier>
      <Extensions>h;hh;hpp;hxx;h++;hm;inl;inc;ipp;xsd</Extensions>
    </Filter>
    <Filter Include="Resource Files">
      <UniqueIdentifier>{67DA6AB6-F800-4c08-8B7A-83BB121AAD01}</UniqueIdentifier>
      <Extensions>rc;ico;cur;bmp;dlg;rc2;rct;bin;rgs;gif;jpg;jpeg;jpe;resx;tiff;tif;png;wav;mfcribbon-ms</Extensions>
    </Filter>
  </ItemGroup>
  <ItemGroup>
    <ClCompile Include="NavBar.cpp">
      <Filter>Source Files</Filter>
    </ClCompile>
    <ClCompile Include="Adminlogin.cpp">
      <Filter>Source Files</Filter>
    </ClCompile>
    <ClCompile Include="course_info.cpp">
      <Filter>Source Files</Filter>
    </ClCompile>
    <ClCompile Include="course_pre.cpp">
      <Filter>Source Files</Filter>
    </ClCompile>
    <ClCompile Include="Course_registration.cpp">
      <Filter>Source Files</Filter>
    </ClCompile>
    <ClCompile Include="SignUp.cpp">
      <Filter>Source Files</Filter>
    </ClCompile>
    <ClCompile Include="Studentlogin.cpp">
      <Filter>Source Files</Filter>
    </ClCompile>
    <ClCompile Include="Admin.cpp">
      <Filter>Source Files</Filter>
    </ClCompile>
    <ClCompile Include="Course.cpp">
      <Filter>Source Files</Filter>
    </ClCompile>
    <ClCompile Include="CourseGrades.cpp">
      <Filter>Source Files</Filter>
    </ClCompile>
    <ClCompile Include="FileManager.cpp">
      <Filter>Source Files</Filter>
    </ClCompile>
    <ClCompile Include="Student.cpp">
      <Filter>Source Files</Filter>
    </ClCompile>
    <ClCompile Include="Login_SignUp_Helper.cpp">
      <Filter>Source Files</Filter>
    </ClCompile>
    <ClCompile Include="AdminCoursesManager.cpp">
      <Filter>Source Files</Filter>
    </ClCompile>
    <ClCompile Include="AdminNavBar.cpp">
      <Filter>Source Files</Filter>
    </ClCompile>
    <ClCompile Include="GradesInfo.cpp">
      <Filter>Source Files</Filter>
    </ClCompile>
    <ClCompile Include="ManageGrades1.cpp">
      <Filter>Source Files</Filter>
    </ClCompile>
    <ClCompile Include="PrerequisitesPage.cpp">
      <Filter>Source Files</Filter>
    </ClCompile>
    <ClCompile Include="report.cpp">
      <Filter>Source Files</Filter>
    </ClCompile>
    <ClCompile Include="Setprerequisites.cpp">
      <Filter>Source Files</Filter>
    </ClCompile>
    <ClCompile Include="UploadCourses.cpp">
      <Filter>Source Files</Filter>
    </ClCompile>
    <ClCompile Include="ViewGrades.cpp">
      <Filter>Source Files</Filter>
    </ClCompile>
  </ItemGroup>
  <ItemGroup>
    <ClInclude Include="NavBar.h">
      <Filter>Header Files</Filter>
    </ClInclude>
    <ClInclude Include="Adminlogin.h">
      <Filter>Header Files</Filter>
    </ClInclude>
    <ClInclude Include="course_info.h">
      <Filter>Header Files</Filter>
    </ClInclude>
    <ClInclude Include="course_pre.h">
      <Filter>Header Files</Filter>
    </ClInclude>
    <ClInclude Include="Course_registration.h">
      <Filter>Header Files</Filter>
    </ClInclude>
    <ClInclude Include="SignUp.h">
      <Filter>Header Files</Filter>
    </ClInclude>
    <ClInclude Include="Studentlogin.h">
      <Filter>Header Files</Filter>
    </ClInclude>
    <ClInclude Include="Admin.h">
      <Filter>Header Files</Filter>
    </ClInclude>
    <ClInclude Include="Course.h">
      <Filter>Header Files</Filter>
    </ClInclude>
    <ClInclude Include="CourseGrades.h">
      <Filter>Header Files</Filter>
    </ClInclude>
    <ClInclude Include="FileManager.h">
      <Filter>Header Files</Filter>
    </ClInclude>
    <ClInclude Include="Student.h">
      <Filter>Header Files</Filter>
    </ClInclude>
    <ClInclude Include="Utils.h">
      <Filter>Header Files</Filter>
    </ClInclude>
    <ClInclude Include="Login_SignUp_Helper.h">
      <Filter>Header Files</Filter>
    </ClInclude>
    <ClInclude Include="AdminCoursesManager.h">
      <Filter>Header Files</Filter>
    </ClInclude>
    <ClInclude Include="AdminNavBar.h">
      <Filter>Header Files</Filter>
    </ClInclude>
    <ClInclude Include="GradesInfo.h">
      <Filter>Header Files</Filter>
    </ClInclude>
    <ClInclude Include="ManageGrades1.h">
      <Filter>Header Files</Filter>
    </ClInclude>
    <ClInclude Include="PrerequisitesPage.h">
      <Filter>Header Files</Filter>
    </ClInclude>
    <ClInclude Include="report.h">
      <Filter>Header Files</Filter>
    </ClInclude>
    <ClInclude Include="Setprerequisites.h">
      <Filter>Header Files</Filter>
    </ClInclude>
    <ClInclude Include="UploadCourses.h">
      <Filter>Header Files</Filter>
    </ClInclude>
    <ClInclude Include="ViewGrades.h">
      <Filter>Header Files</Filter>
    </ClInclude>
    <ClInclude Include="resource.h">
      <Filter>Header Files</Filter>
    </ClInclude>
  </ItemGroup>
  <ItemGroup>
    <Text Include="Admin.txt" />
    <Text Include="Courses.txt" />
    <Text Include="student.txt" />
  </ItemGroup>
  <ItemGroup>
    <Image Include="..\..\Downloads\book.png">
      <Filter>Resource Files</Filter>
    </Image>
    <Image Include="..\..\Downloads\computer.png">
      <Filter>Resource Files</Filter>
    </Image>
    <Image Include="..\..\Downloads\pc.png">
      <Filter>Resource Files</Filter>
    </Image>
    <Image Include="..\..\Downloads\computer-science.png">
      <Filter>Resource Files</Filter>
    </Image>
    <Image Include="..\..\Downloads\database.png">
      <Filter>Resource Files</Filter>
    </Image>
    <Image Include="Images\book.png">
      <Filter>Resource Files</Filter>
    </Image>
    <Image Include="Images\computer.png">
      <Filter>Resource Files</Filter>
    </Image>
    <Image Include="Images\computer-science.png">
      <Filter>Resource Files</Filter>
    </Image>
    <Image Include="Images\database.png">
      <Filter>Resource Files</Filter>
    </Image>
    <Image Include="Images\graduated.png">
      <Filter>Resource Files</Filter>
    </Image>
    <Image Include="Images\pc.png">
      <Filter>Resource Files</Filter>
    </Image>
    <Image Include="Images\profile.png">
      <Filter>Resource Files</Filter>
    </Image>
    <Image Include="Images\remove.png">
      <Filter>Resource Files</Filter>
    </Image>
    <Image Include="Images\user.png">
      <Filter>Resource Files</Filter>
    </Image>
    <Image Include="Images\woman.png">
      <Filter>Resource Files</Filter>
    </Image>
  </ItemGroup>
  <ItemGroup>
    <ResourceCompile Include="Resources.rc">
      <Filter>Resource Files</Filter>
    </ResourceCompile>
  </ItemGroup>
</Project>